// !$*UTF8*$!
{
	archiveVersion = 1;
	classes = {
	};
	objectVersion = 52;
	objects = {

/* Begin PBXBuildFile section */
		1546B42624331DC400180D77 /* AddPhotosViewModel.swift in Sources */ = {isa = PBXBuildFile; fileRef = 1546B42424331DC400180D77 /* AddPhotosViewModel.swift */; };
		1546B42724331DC400180D77 /* AddPhotosView.swift in Sources */ = {isa = PBXBuildFile; fileRef = 1546B42524331DC400180D77 /* AddPhotosView.swift */; };
		1546B42924331E7400180D77 /* SignUpViewModeled.swift in Sources */ = {isa = PBXBuildFile; fileRef = 1546B42824331E7400180D77 /* SignUpViewModeled.swift */; };
		1546B42B24331EB900180D77 /* AddPhotosViewModeled.swift in Sources */ = {isa = PBXBuildFile; fileRef = 1546B42A24331EB900180D77 /* AddPhotosViewModeled.swift */; };
		1546B42D2433275F00180D77 /* HTextField.swift in Sources */ = {isa = PBXBuildFile; fileRef = 1546B42C2433275F00180D77 /* HTextField.swift */; };
		1546B42F2433316C00180D77 /* DVImagePicker.swift in Sources */ = {isa = PBXBuildFile; fileRef = 1546B42E2433316C00180D77 /* DVImagePicker.swift */; };
		1546B440243340BD00180D77 /* LoginView.swift in Sources */ = {isa = PBXBuildFile; fileRef = 1546B43D243340BD00180D77 /* LoginView.swift */; };
		1546B441243340BD00180D77 /* LoginViewModel.swift in Sources */ = {isa = PBXBuildFile; fileRef = 1546B43E243340BD00180D77 /* LoginViewModel.swift */; };
		1546B442243340BD00180D77 /* LoginViewModeled.swift in Sources */ = {isa = PBXBuildFile; fileRef = 1546B43F243340BD00180D77 /* LoginViewModeled.swift */; };
		1546B4472433500C00180D77 /* LoginWithEmailView.swift in Sources */ = {isa = PBXBuildFile; fileRef = 1546B4442433500C00180D77 /* LoginWithEmailView.swift */; };
		1546B4482433500C00180D77 /* LoginWithEmailViewModel.swift in Sources */ = {isa = PBXBuildFile; fileRef = 1546B4452433500C00180D77 /* LoginWithEmailViewModel.swift */; };
		1546B4492433500C00180D77 /* LoginWithEmailViewModeled.swift in Sources */ = {isa = PBXBuildFile; fileRef = 1546B4462433500C00180D77 /* LoginWithEmailViewModeled.swift */; };
		1546B44E24335B4F00180D77 /* ForgotPasswordView.swift in Sources */ = {isa = PBXBuildFile; fileRef = 1546B44B24335B4F00180D77 /* ForgotPasswordView.swift */; };
		1546B44F24335B4F00180D77 /* ForgotPasswordViewModel.swift in Sources */ = {isa = PBXBuildFile; fileRef = 1546B44C24335B4F00180D77 /* ForgotPasswordViewModel.swift */; };
		1546B45024335B4F00180D77 /* ForgotPasswordViewModeled.swift in Sources */ = {isa = PBXBuildFile; fileRef = 1546B44D24335B4F00180D77 /* ForgotPasswordViewModeled.swift */; };
		1546B45524336B7500180D77 /* GetMoreDetailsView.swift in Sources */ = {isa = PBXBuildFile; fileRef = 1546B45224336B7500180D77 /* GetMoreDetailsView.swift */; };
		1546B45624336B7500180D77 /* GetMoreDetailsViewModel.swift in Sources */ = {isa = PBXBuildFile; fileRef = 1546B45324336B7500180D77 /* GetMoreDetailsViewModel.swift */; };
		1546B45724336B7500180D77 /* GetMoreDetailsViewModeled.swift in Sources */ = {isa = PBXBuildFile; fileRef = 1546B45424336B7500180D77 /* GetMoreDetailsViewModeled.swift */; };
		1546B45924336B8C00180D77 /* HSegmentedControl.swift in Sources */ = {isa = PBXBuildFile; fileRef = 1546B45824336B8C00180D77 /* HSegmentedControl.swift */; };
		154B268F2431BF6600265C76 /* AppDelegate.swift in Sources */ = {isa = PBXBuildFile; fileRef = 154B268E2431BF6600265C76 /* AppDelegate.swift */; };
		154B26912431BF6600265C76 /* SceneDelegate.swift in Sources */ = {isa = PBXBuildFile; fileRef = 154B26902431BF6600265C76 /* SceneDelegate.swift */; };
		154B26932431BF6600265C76 /* MainView.swift in Sources */ = {isa = PBXBuildFile; fileRef = 154B26922431BF6600265C76 /* MainView.swift */; };
		154B26952431BF6800265C76 /* Assets.xcassets in Resources */ = {isa = PBXBuildFile; fileRef = 154B26942431BF6800265C76 /* Assets.xcassets */; };
		154B26982431BF6800265C76 /* Preview Assets.xcassets in Resources */ = {isa = PBXBuildFile; fileRef = 154B26972431BF6800265C76 /* Preview Assets.xcassets */; };
		154B269B2431BF6800265C76 /* LaunchScreen.storyboard in Resources */ = {isa = PBXBuildFile; fileRef = 154B26992431BF6800265C76 /* LaunchScreen.storyboard */; };
		154B26A82431C36B00265C76 /* SignUpView.swift in Sources */ = {isa = PBXBuildFile; fileRef = 154B26A72431C36B00265C76 /* SignUpView.swift */; };
		154B26AB2431CB5A00265C76 /* HapticButton.swift in Sources */ = {isa = PBXBuildFile; fileRef = 154B26AA2431CB5A00265C76 /* HapticButton.swift */; };
		154B26AE2431CB8600265C76 /* Color+Ext.swift in Sources */ = {isa = PBXBuildFile; fileRef = 154B26AD2431CB8600265C76 /* Color+Ext.swift */; };
		154B26B02431CDE300265C76 /* LoginButtons.swift in Sources */ = {isa = PBXBuildFile; fileRef = 154B26AF2431CDE300265C76 /* LoginButtons.swift */; };
		154B26B22431D06000265C76 /* SignUpViewModel.swift in Sources */ = {isa = PBXBuildFile; fileRef = 154B26B12431D06000265C76 /* SignUpViewModel.swift */; };
		154B26B62431D2A400265C76 /* Font+Ext.swift in Sources */ = {isa = PBXBuildFile; fileRef = 154B26B52431D2A400265C76 /* Font+Ext.swift */; };
		154B26B82431D56C00265C76 /* SF-Pro-Display-Regular.otf in Resources */ = {isa = PBXBuildFile; fileRef = 154B26B72431D4AD00265C76 /* SF-Pro-Display-Regular.otf */; };
		154B26B92431D56E00265C76 /* SF-Pro-Display-Medium.otf in Resources */ = {isa = PBXBuildFile; fileRef = 154B26B42431D27F00265C76 /* SF-Pro-Display-Medium.otf */; };
		154B26BC2431DD7400265C76 /* iOSApp.swift in Sources */ = {isa = PBXBuildFile; fileRef = 154B26BB2431DD7400265C76 /* iOSApp.swift */; };
		155E2FE7243B069C001D886D /* MessagesView.swift in Sources */ = {isa = PBXBuildFile; fileRef = 155E2FE4243B069C001D886D /* MessagesView.swift */; };
		155E2FE8243B069C001D886D /* MessagesViewModel.swift in Sources */ = {isa = PBXBuildFile; fileRef = 155E2FE5243B069C001D886D /* MessagesViewModel.swift */; };
		155E2FE9243B069C001D886D /* MessagesViewModeled.swift in Sources */ = {isa = PBXBuildFile; fileRef = 155E2FE6243B069C001D886D /* MessagesViewModeled.swift */; };
		155E2FF0243B0962001D886D /* CoreLogic.framework in Frameworks */ = {isa = PBXBuildFile; fileRef = 155E2FEF243B0962001D886D /* CoreLogic.framework */; };
		155E2FF1243B0962001D886D /* CoreLogic.framework in Embed Frameworks */ = {isa = PBXBuildFile; fileRef = 155E2FEF243B0962001D886D /* CoreLogic.framework */; settings = {ATTRIBUTES = (CodeSignOnCopy, RemoveHeadersOnCopy, ); }; };
		155E2FF4243B0C2C001D886D /* MessagesCell.swift in Sources */ = {isa = PBXBuildFile; fileRef = 155E2FF3243B0C2C001D886D /* MessagesCell.swift */; };
		155E2FFC243B0FFC001D886D /* EnvironmentValues+ImageCache.swift in Sources */ = {isa = PBXBuildFile; fileRef = 155E2FF8243B0FFC001D886D /* EnvironmentValues+ImageCache.swift */; };
		155E2FFD243B0FFC001D886D /* ImageCache.swift in Sources */ = {isa = PBXBuildFile; fileRef = 155E2FF9243B0FFC001D886D /* ImageCache.swift */; };
		155E2FFE243B0FFC001D886D /* AsyncImage.swift in Sources */ = {isa = PBXBuildFile; fileRef = 155E2FFA243B0FFC001D886D /* AsyncImage.swift */; };
		155E2FFF243B0FFC001D886D /* ImageLoader.swift in Sources */ = {isa = PBXBuildFile; fileRef = 155E2FFB243B0FFC001D886D /* ImageLoader.swift */; };
		155E3004243B1E93001D886D /* MessageDetailView.swift in Sources */ = {isa = PBXBuildFile; fileRef = 155E3001243B1E93001D886D /* MessageDetailView.swift */; };
		155E3005243B1E93001D886D /* MessageDetailViewModel.swift in Sources */ = {isa = PBXBuildFile; fileRef = 155E3002243B1E93001D886D /* MessageDetailViewModel.swift */; };
		155E3006243B1E93001D886D /* MessageDetailViewModeled.swift in Sources */ = {isa = PBXBuildFile; fileRef = 155E3003243B1E93001D886D /* MessageDetailViewModeled.swift */; };
		155E3008243B282B001D886D /* RoundedCorners.swift in Sources */ = {isa = PBXBuildFile; fileRef = 155E3007243B282B001D886D /* RoundedCorners.swift */; };
		155E300A243B29EF001D886D /* ContentMessageView.swift in Sources */ = {isa = PBXBuildFile; fileRef = 155E3009243B29EF001D886D /* ContentMessageView.swift */; };
		155E300F243B4132001D886D /* HTextView.swift in Sources */ = {isa = PBXBuildFile; fileRef = 155E300E243B4132001D886D /* HTextView.swift */; };
		155E3011243B496D001D886D /* SendTextField.swift in Sources */ = {isa = PBXBuildFile; fileRef = 155E3010243B496D001D886D /* SendTextField.swift */; };
		1579307B2435B69C00EE428F /* FacedetectorVC.swift in Sources */ = {isa = PBXBuildFile; fileRef = 157930792435B69C00EE428F /* FacedetectorVC.swift */; };
		1579307C2435B69C00EE428F /* LookingGoodVC.swift in Sources */ = {isa = PBXBuildFile; fileRef = 1579307A2435B69C00EE428F /* LookingGoodVC.swift */; };
		1579307E2435B6B200EE428F /* OldFaceDetection.storyboard in Resources */ = {isa = PBXBuildFile; fileRef = 1579307D2435B6B200EE428F /* OldFaceDetection.storyboard */; };
		157930802435B73B00EE428F /* UIButtonX.swift in Sources */ = {isa = PBXBuildFile; fileRef = 1579307F2435B73B00EE428F /* UIButtonX.swift */; };
		157930822435B77000EE428F /* StickerView.swift in Sources */ = {isa = PBXBuildFile; fileRef = 157930812435B77000EE428F /* StickerView.swift */; };
		157930862435B7A000EE428F /* editImageVc_mainFilterCell.swift in Sources */ = {isa = PBXBuildFile; fileRef = 157930842435B7A000EE428F /* editImageVc_mainFilterCell.swift */; };
		157930872435B7A000EE428F /* editImageVc_mainFilterCell.xib in Resources */ = {isa = PBXBuildFile; fileRef = 157930852435B7A000EE428F /* editImageVc_mainFilterCell.xib */; };
		1579308C2435BDD000EE428F /* DiscoveryView.swift in Sources */ = {isa = PBXBuildFile; fileRef = 157930892435BDD000EE428F /* DiscoveryView.swift */; };
		1579308D2435BDD000EE428F /* DiscoveryViewModel.swift in Sources */ = {isa = PBXBuildFile; fileRef = 1579308A2435BDD000EE428F /* DiscoveryViewModel.swift */; };
		1579308E2435BDD000EE428F /* DiscoveryViewModeled.swift in Sources */ = {isa = PBXBuildFile; fileRef = 1579308B2435BDD000EE428F /* DiscoveryViewModeled.swift */; };
		157930932435BE0100EE428F /* RootTabBarView.swift in Sources */ = {isa = PBXBuildFile; fileRef = 157930902435BE0100EE428F /* RootTabBarView.swift */; };
		157930942435BE0100EE428F /* RootTabBarViewModel.swift in Sources */ = {isa = PBXBuildFile; fileRef = 157930912435BE0100EE428F /* RootTabBarViewModel.swift */; };
		157930952435BE0100EE428F /* RootTabBarViewModeled.swift in Sources */ = {isa = PBXBuildFile; fileRef = 157930922435BE0100EE428F /* RootTabBarViewModeled.swift */; };
		1579309A2435C2F100EE428F /* UserCardView.swift in Sources */ = {isa = PBXBuildFile; fileRef = 157930972435C2F100EE428F /* UserCardView.swift */; };
		1579309B2435C2F100EE428F /* UserCardViewModel.swift in Sources */ = {isa = PBXBuildFile; fileRef = 157930982435C2F100EE428F /* UserCardViewModel.swift */; };
		1579309C2435C2F100EE428F /* UserCardViewModeled.swift in Sources */ = {isa = PBXBuildFile; fileRef = 157930992435C2F100EE428F /* UserCardViewModeled.swift */; };
		1579309F2435CAFC00EE428F /* QGrid in Frameworks */ = {isa = PBXBuildFile; productRef = 1579309E2435CAFC00EE428F /* QGrid */; };
		157930A12435CE5300EE428F /* View+Ext.swift in Sources */ = {isa = PBXBuildFile; fileRef = 157930A02435CE5300EE428F /* View+Ext.swift */; };
		157930A32435D31D00EE428F /* SF-Pro-Display-Ultralight.otf in Resources */ = {isa = PBXBuildFile; fileRef = 157930A22435D31C00EE428F /* SF-Pro-Display-Ultralight.otf */; };
		157930AB2435E62000EE428F /* SettingsView.swift in Sources */ = {isa = PBXBuildFile; fileRef = 157930A82435E62000EE428F /* SettingsView.swift */; };
		157930AC2435E62000EE428F /* SettingsViewModel.swift in Sources */ = {isa = PBXBuildFile; fileRef = 157930A92435E62000EE428F /* SettingsViewModel.swift */; };
		157930AD2435E62000EE428F /* SettingsViewModeled.swift in Sources */ = {isa = PBXBuildFile; fileRef = 157930AA2435E62000EE428F /* SettingsViewModeled.swift */; };
		157930AF2435E68400EE428F /* SF-Pro-Display-Bold.otf in Resources */ = {isa = PBXBuildFile; fileRef = 157930AE2435E68400EE428F /* SF-Pro-Display-Bold.otf */; };
		157930B22435EC3400EE428F /* PartialSheet in Frameworks */ = {isa = PBXBuildFile; productRef = 157930B12435EC3400EE428F /* PartialSheet */; };
		157930E024371D0800EE428F /* StoryCardsView.swift in Sources */ = {isa = PBXBuildFile; fileRef = 157930DD24371D0800EE428F /* StoryCardsView.swift */; };
		157930E124371D0800EE428F /* StoryCardsViewModel.swift in Sources */ = {isa = PBXBuildFile; fileRef = 157930DE24371D0800EE428F /* StoryCardsViewModel.swift */; };
		157930E224371D0800EE428F /* StoryCardsViewModeled.swift in Sources */ = {isa = PBXBuildFile; fileRef = 157930DF24371D0800EE428F /* StoryCardsViewModeled.swift */; };
		157930E72437209100EE428F /* StoriesViewModel.swift in Sources */ = {isa = PBXBuildFile; fileRef = 157930E42437209100EE428F /* StoriesViewModel.swift */; };
		157930E82437209100EE428F /* StoriesViewModeled.swift in Sources */ = {isa = PBXBuildFile; fileRef = 157930E52437209100EE428F /* StoriesViewModeled.swift */; };
		157930E92437209100EE428F /* StoriesView.swift in Sources */ = {isa = PBXBuildFile; fileRef = 157930E62437209100EE428F /* StoriesView.swift */; };
		157930EE2437227A00EE428F /* StorieView.swift in Sources */ = {isa = PBXBuildFile; fileRef = 157930EB2437227A00EE428F /* StorieView.swift */; };
		157930EF2437227A00EE428F /* StorieViewModel.swift in Sources */ = {isa = PBXBuildFile; fileRef = 157930EC2437227A00EE428F /* StorieViewModel.swift */; };
		157930F02437227A00EE428F /* StorieViewModeled.swift in Sources */ = {isa = PBXBuildFile; fileRef = 157930ED2437227A00EE428F /* StorieViewModeled.swift */; };
		157930F2243722F300EE428F /* Image+Ext.swift in Sources */ = {isa = PBXBuildFile; fileRef = 157930F1243722F300EE428F /* Image+Ext.swift */; };
		157930F72437324600EE428F /* CardCuraselView.swift in Sources */ = {isa = PBXBuildFile; fileRef = 157930F42437324600EE428F /* CardCuraselView.swift */; };
		157930F82437324600EE428F /* CardCuraselViewModel.swift in Sources */ = {isa = PBXBuildFile; fileRef = 157930F52437324600EE428F /* CardCuraselViewModel.swift */; };
		157930F92437324600EE428F /* CardCuraselViewModeled.swift in Sources */ = {isa = PBXBuildFile; fileRef = 157930F62437324600EE428F /* CardCuraselViewModeled.swift */; };
		157930FF243737A800EE428F /* KolodeViewHolder.swift in Sources */ = {isa = PBXBuildFile; fileRef = 157930FE243737A800EE428F /* KolodeViewHolder.swift */; };
		1579310424373C2800EE428F /* UIView+Ext.swift in Sources */ = {isa = PBXBuildFile; fileRef = 1579310324373C2800EE428F /* UIView+Ext.swift */; };
		15793109243754B500EE428F /* CardCuraselElementView.swift in Sources */ = {isa = PBXBuildFile; fileRef = 15793106243754B500EE428F /* CardCuraselElementView.swift */; };
		1579310A243754B500EE428F /* CardCuraselElementViewModel.swift in Sources */ = {isa = PBXBuildFile; fileRef = 15793107243754B500EE428F /* CardCuraselElementViewModel.swift */; };
		1579310B243754B500EE428F /* CardCuraselElementViewModeled.swift in Sources */ = {isa = PBXBuildFile; fileRef = 15793108243754B500EE428F /* CardCuraselElementViewModeled.swift */; };
		158A2C572434844F005F6847 /* DatePickerField.swift in Sources */ = {isa = PBXBuildFile; fileRef = 158A2C562434844F005F6847 /* DatePickerField.swift */; };
		158A2C5924348F1F005F6847 /* View+Navigation.swift in Sources */ = {isa = PBXBuildFile; fileRef = 158A2C5824348F1F005F6847 /* View+Navigation.swift */; };
		158A2C5E24349433005F6847 /* FaceDetectionView.swift in Sources */ = {isa = PBXBuildFile; fileRef = 158A2C5B24349433005F6847 /* FaceDetectionView.swift */; };
		158A2C5F24349433005F6847 /* FaceDetectionViewModel.swift in Sources */ = {isa = PBXBuildFile; fileRef = 158A2C5C24349433005F6847 /* FaceDetectionViewModel.swift */; };
		158A2C6024349433005F6847 /* FaceDetectionViewModeled.swift in Sources */ = {isa = PBXBuildFile; fileRef = 158A2C5D24349433005F6847 /* FaceDetectionViewModeled.swift */; };
		158A2C6324349509005F6847 /* libFaceDetectionLib.a in Frameworks */ = {isa = PBXBuildFile; fileRef = 158A2C6224349509005F6847 /* libFaceDetectionLib.a */; };
		158A2C652434952F005F6847 /* FaceDetectionViewController.swift in Sources */ = {isa = PBXBuildFile; fileRef = 158A2C642434952F005F6847 /* FaceDetectionViewController.swift */; };
		1593AA2624346CC2004FAE5D /* SwiftUI+Keyboard.swift in Sources */ = {isa = PBXBuildFile; fileRef = 1593AA2524346CC2004FAE5D /* SwiftUI+Keyboard.swift */; };
		15E8CCDC2431E1D400A92595 /* SignUpEmail.swift in Sources */ = {isa = PBXBuildFile; fileRef = 15E8CCDB2431E1D400A92595 /* SignUpEmail.swift */; };
		15E8CCDE2431E35F00A92595 /* AuthAppScreens.swift in Sources */ = {isa = PBXBuildFile; fileRef = 15E8CCDD2431E35F00A92595 /* AuthAppScreens.swift */; };
		15E8CCE02431E74300A92595 /* KeyboardObserver.swift in Sources */ = {isa = PBXBuildFile; fileRef = 15E8CCDF2431E74300A92595 /* KeyboardObserver.swift */; };
		15E8CCE22431EE2500A92595 /* SF-Pro-Display-Light.otf in Resources */ = {isa = PBXBuildFile; fileRef = 15E8CCE12431EE2500A92595 /* SF-Pro-Display-Light.otf */; };
		15E8CCE42431EFF200A92595 /* SignUpTextField.swift in Sources */ = {isa = PBXBuildFile; fileRef = 15E8CCE32431EFF200A92595 /* SignUpTextField.swift */; };
		15E8CCE62432053500A92595 /* SF-Pro-Display-Thin.otf in Resources */ = {isa = PBXBuildFile; fileRef = 15E8CCE52432053500A92595 /* SF-Pro-Display-Thin.otf */; };
		15E8CCE92432287B00A92595 /* SignUpEmailViewModeled.swift in Sources */ = {isa = PBXBuildFile; fileRef = 15E8CCE82432287B00A92595 /* SignUpEmailViewModeled.swift */; };
		15E8CCEB2432289900A92595 /* SignUpEmailViewModel.swift in Sources */ = {isa = PBXBuildFile; fileRef = 15E8CCEA2432289900A92595 /* SignUpEmailViewModel.swift */; };
		2D0E78432E4C49082A57C36A /* Pods_Hush_SwiftUI.framework in Frameworks */ = {isa = PBXBuildFile; fileRef = 367D1AB809231A2FAB392DF4 /* Pods_Hush_SwiftUI.framework */; };
/* End PBXBuildFile section */

/* Begin PBXCopyFilesBuildPhase section */
		1579310E243772DC00EE428F /* Embed Frameworks */ = {
			isa = PBXCopyFilesBuildPhase;
			buildActionMask = 2147483647;
			dstPath = "";
			dstSubfolderSpec = 10;
			files = (
				155E2FF1243B0962001D886D /* CoreLogic.framework in Embed Frameworks */,
			);
			name = "Embed Frameworks";
			runOnlyForDeploymentPostprocessing = 0;
		};
/* End PBXCopyFilesBuildPhase section */

/* Begin PBXFileReference section */
		1546B42424331DC400180D77 /* AddPhotosViewModel.swift */ = {isa = PBXFileReference; lastKnownFileType = sourcecode.swift; path = AddPhotosViewModel.swift; sourceTree = "<group>"; };
		1546B42524331DC400180D77 /* AddPhotosView.swift */ = {isa = PBXFileReference; lastKnownFileType = sourcecode.swift; path = AddPhotosView.swift; sourceTree = "<group>"; };
		1546B42824331E7400180D77 /* SignUpViewModeled.swift */ = {isa = PBXFileReference; lastKnownFileType = sourcecode.swift; path = SignUpViewModeled.swift; sourceTree = "<group>"; };
		1546B42A24331EB900180D77 /* AddPhotosViewModeled.swift */ = {isa = PBXFileReference; lastKnownFileType = sourcecode.swift; path = AddPhotosViewModeled.swift; sourceTree = "<group>"; };
		1546B42C2433275F00180D77 /* HTextField.swift */ = {isa = PBXFileReference; lastKnownFileType = sourcecode.swift; path = HTextField.swift; sourceTree = "<group>"; };
		1546B42E2433316C00180D77 /* DVImagePicker.swift */ = {isa = PBXFileReference; fileEncoding = 4; lastKnownFileType = sourcecode.swift; path = DVImagePicker.swift; sourceTree = "<group>"; };
		1546B43D243340BD00180D77 /* LoginView.swift */ = {isa = PBXFileReference; lastKnownFileType = sourcecode.swift; path = LoginView.swift; sourceTree = "<group>"; };
		1546B43E243340BD00180D77 /* LoginViewModel.swift */ = {isa = PBXFileReference; lastKnownFileType = sourcecode.swift; path = LoginViewModel.swift; sourceTree = "<group>"; };
		1546B43F243340BD00180D77 /* LoginViewModeled.swift */ = {isa = PBXFileReference; lastKnownFileType = sourcecode.swift; path = LoginViewModeled.swift; sourceTree = "<group>"; };
		1546B4442433500C00180D77 /* LoginWithEmailView.swift */ = {isa = PBXFileReference; lastKnownFileType = sourcecode.swift; path = LoginWithEmailView.swift; sourceTree = "<group>"; };
		1546B4452433500C00180D77 /* LoginWithEmailViewModel.swift */ = {isa = PBXFileReference; lastKnownFileType = sourcecode.swift; path = LoginWithEmailViewModel.swift; sourceTree = "<group>"; };
		1546B4462433500C00180D77 /* LoginWithEmailViewModeled.swift */ = {isa = PBXFileReference; lastKnownFileType = sourcecode.swift; path = LoginWithEmailViewModeled.swift; sourceTree = "<group>"; };
		1546B44B24335B4F00180D77 /* ForgotPasswordView.swift */ = {isa = PBXFileReference; lastKnownFileType = sourcecode.swift; path = ForgotPasswordView.swift; sourceTree = "<group>"; };
		1546B44C24335B4F00180D77 /* ForgotPasswordViewModel.swift */ = {isa = PBXFileReference; lastKnownFileType = sourcecode.swift; path = ForgotPasswordViewModel.swift; sourceTree = "<group>"; };
		1546B44D24335B4F00180D77 /* ForgotPasswordViewModeled.swift */ = {isa = PBXFileReference; lastKnownFileType = sourcecode.swift; path = ForgotPasswordViewModeled.swift; sourceTree = "<group>"; };
		1546B45224336B7500180D77 /* GetMoreDetailsView.swift */ = {isa = PBXFileReference; lastKnownFileType = sourcecode.swift; path = GetMoreDetailsView.swift; sourceTree = "<group>"; };
		1546B45324336B7500180D77 /* GetMoreDetailsViewModel.swift */ = {isa = PBXFileReference; lastKnownFileType = sourcecode.swift; path = GetMoreDetailsViewModel.swift; sourceTree = "<group>"; };
		1546B45424336B7500180D77 /* GetMoreDetailsViewModeled.swift */ = {isa = PBXFileReference; lastKnownFileType = sourcecode.swift; path = GetMoreDetailsViewModeled.swift; sourceTree = "<group>"; };
		1546B45824336B8C00180D77 /* HSegmentedControl.swift */ = {isa = PBXFileReference; lastKnownFileType = sourcecode.swift; path = HSegmentedControl.swift; sourceTree = "<group>"; };
		154B268B2431BF6600265C76 /* Hush-SwiftUI.app */ = {isa = PBXFileReference; explicitFileType = wrapper.application; includeInIndex = 0; path = "Hush-SwiftUI.app"; sourceTree = BUILT_PRODUCTS_DIR; };
		154B268E2431BF6600265C76 /* AppDelegate.swift */ = {isa = PBXFileReference; lastKnownFileType = sourcecode.swift; path = AppDelegate.swift; sourceTree = "<group>"; };
		154B26902431BF6600265C76 /* SceneDelegate.swift */ = {isa = PBXFileReference; lastKnownFileType = sourcecode.swift; path = SceneDelegate.swift; sourceTree = "<group>"; };
		154B26922431BF6600265C76 /* MainView.swift */ = {isa = PBXFileReference; lastKnownFileType = sourcecode.swift; path = MainView.swift; sourceTree = "<group>"; };
		154B26942431BF6800265C76 /* Assets.xcassets */ = {isa = PBXFileReference; lastKnownFileType = folder.assetcatalog; path = Assets.xcassets; sourceTree = "<group>"; };
		154B26972431BF6800265C76 /* Preview Assets.xcassets */ = {isa = PBXFileReference; lastKnownFileType = folder.assetcatalog; path = "Preview Assets.xcassets"; sourceTree = "<group>"; };
		154B269A2431BF6800265C76 /* Base */ = {isa = PBXFileReference; lastKnownFileType = file.storyboard; name = Base; path = Base.lproj/LaunchScreen.storyboard; sourceTree = "<group>"; };
		154B269C2431BF6800265C76 /* Info.plist */ = {isa = PBXFileReference; lastKnownFileType = text.plist.xml; path = Info.plist; sourceTree = "<group>"; };
		154B26A72431C36B00265C76 /* SignUpView.swift */ = {isa = PBXFileReference; lastKnownFileType = sourcecode.swift; path = SignUpView.swift; sourceTree = "<group>"; };
		154B26AA2431CB5A00265C76 /* HapticButton.swift */ = {isa = PBXFileReference; lastKnownFileType = sourcecode.swift; path = HapticButton.swift; sourceTree = "<group>"; };
		154B26AD2431CB8600265C76 /* Color+Ext.swift */ = {isa = PBXFileReference; lastKnownFileType = sourcecode.swift; path = "Color+Ext.swift"; sourceTree = "<group>"; };
		154B26AF2431CDE300265C76 /* LoginButtons.swift */ = {isa = PBXFileReference; lastKnownFileType = sourcecode.swift; path = LoginButtons.swift; sourceTree = "<group>"; };
		154B26B12431D06000265C76 /* SignUpViewModel.swift */ = {isa = PBXFileReference; lastKnownFileType = sourcecode.swift; path = SignUpViewModel.swift; sourceTree = "<group>"; };
		154B26B42431D27F00265C76 /* SF-Pro-Display-Medium.otf */ = {isa = PBXFileReference; lastKnownFileType = file; path = "SF-Pro-Display-Medium.otf"; sourceTree = "<group>"; };
		154B26B52431D2A400265C76 /* Font+Ext.swift */ = {isa = PBXFileReference; lastKnownFileType = sourcecode.swift; path = "Font+Ext.swift"; sourceTree = "<group>"; };
		154B26B72431D4AD00265C76 /* SF-Pro-Display-Regular.otf */ = {isa = PBXFileReference; lastKnownFileType = file; path = "SF-Pro-Display-Regular.otf"; sourceTree = "<group>"; };
		154B26BB2431DD7400265C76 /* iOSApp.swift */ = {isa = PBXFileReference; lastKnownFileType = sourcecode.swift; path = iOSApp.swift; sourceTree = "<group>"; };
		155E2FE4243B069C001D886D /* MessagesView.swift */ = {isa = PBXFileReference; lastKnownFileType = sourcecode.swift; path = MessagesView.swift; sourceTree = "<group>"; };
		155E2FE5243B069C001D886D /* MessagesViewModel.swift */ = {isa = PBXFileReference; lastKnownFileType = sourcecode.swift; path = MessagesViewModel.swift; sourceTree = "<group>"; };
		155E2FE6243B069C001D886D /* MessagesViewModeled.swift */ = {isa = PBXFileReference; lastKnownFileType = sourcecode.swift; path = MessagesViewModeled.swift; sourceTree = "<group>"; };
		155E2FEF243B0962001D886D /* CoreLogic.framework */ = {isa = PBXFileReference; explicitFileType = wrapper.framework; path = CoreLogic.framework; sourceTree = BUILT_PRODUCTS_DIR; };
		155E2FF3243B0C2C001D886D /* MessagesCell.swift */ = {isa = PBXFileReference; lastKnownFileType = sourcecode.swift; path = MessagesCell.swift; sourceTree = "<group>"; };
		155E2FF8243B0FFC001D886D /* EnvironmentValues+ImageCache.swift */ = {isa = PBXFileReference; fileEncoding = 4; lastKnownFileType = sourcecode.swift; path = "EnvironmentValues+ImageCache.swift"; sourceTree = "<group>"; };
		155E2FF9243B0FFC001D886D /* ImageCache.swift */ = {isa = PBXFileReference; fileEncoding = 4; lastKnownFileType = sourcecode.swift; path = ImageCache.swift; sourceTree = "<group>"; };
		155E2FFA243B0FFC001D886D /* AsyncImage.swift */ = {isa = PBXFileReference; fileEncoding = 4; lastKnownFileType = sourcecode.swift; path = AsyncImage.swift; sourceTree = "<group>"; };
		155E2FFB243B0FFC001D886D /* ImageLoader.swift */ = {isa = PBXFileReference; fileEncoding = 4; lastKnownFileType = sourcecode.swift; path = ImageLoader.swift; sourceTree = "<group>"; };
		155E3001243B1E93001D886D /* MessageDetailView.swift */ = {isa = PBXFileReference; lastKnownFileType = sourcecode.swift; path = MessageDetailView.swift; sourceTree = "<group>"; };
		155E3002243B1E93001D886D /* MessageDetailViewModel.swift */ = {isa = PBXFileReference; lastKnownFileType = sourcecode.swift; path = MessageDetailViewModel.swift; sourceTree = "<group>"; };
		155E3003243B1E93001D886D /* MessageDetailViewModeled.swift */ = {isa = PBXFileReference; lastKnownFileType = sourcecode.swift; path = MessageDetailViewModeled.swift; sourceTree = "<group>"; };
		155E3007243B282B001D886D /* RoundedCorners.swift */ = {isa = PBXFileReference; lastKnownFileType = sourcecode.swift; path = RoundedCorners.swift; sourceTree = "<group>"; };
		155E3009243B29EF001D886D /* ContentMessageView.swift */ = {isa = PBXFileReference; lastKnownFileType = sourcecode.swift; path = ContentMessageView.swift; sourceTree = "<group>"; };
		155E300E243B4132001D886D /* HTextView.swift */ = {isa = PBXFileReference; lastKnownFileType = sourcecode.swift; path = HTextView.swift; sourceTree = "<group>"; };
		155E3010243B496D001D886D /* SendTextField.swift */ = {isa = PBXFileReference; lastKnownFileType = sourcecode.swift; path = SendTextField.swift; sourceTree = "<group>"; };
		157930792435B69C00EE428F /* FacedetectorVC.swift */ = {isa = PBXFileReference; fileEncoding = 4; lastKnownFileType = sourcecode.swift; name = FacedetectorVC.swift; path = "../../../../../hush-ios/Hush/System/Controller/FacedetectorVC.swift"; sourceTree = "<group>"; };
		1579307A2435B69C00EE428F /* LookingGoodVC.swift */ = {isa = PBXFileReference; fileEncoding = 4; lastKnownFileType = sourcecode.swift; name = LookingGoodVC.swift; path = "../../../../../hush-ios/Hush/System/Controller/LookingGoodVC.swift"; sourceTree = "<group>"; };
		1579307D2435B6B200EE428F /* OldFaceDetection.storyboard */ = {isa = PBXFileReference; lastKnownFileType = file.storyboard; path = OldFaceDetection.storyboard; sourceTree = "<group>"; };
		1579307F2435B73B00EE428F /* UIButtonX.swift */ = {isa = PBXFileReference; fileEncoding = 4; lastKnownFileType = sourcecode.swift; name = UIButtonX.swift; path = "../../../../../hush-ios/Hush/System/HelperClass/DesignLableX/UIButtonX.swift"; sourceTree = "<group>"; };
		157930812435B77000EE428F /* StickerView.swift */ = {isa = PBXFileReference; fileEncoding = 4; lastKnownFileType = sourcecode.swift; name = StickerView.swift; path = "../../../../../hush-ios/Hush/System/HelperClass/StickerView/StickerView.swift"; sourceTree = "<group>"; };
		157930842435B7A000EE428F /* editImageVc_mainFilterCell.swift */ = {isa = PBXFileReference; fileEncoding = 4; lastKnownFileType = sourcecode.swift; path = editImageVc_mainFilterCell.swift; sourceTree = "<group>"; };
		157930852435B7A000EE428F /* editImageVc_mainFilterCell.xib */ = {isa = PBXFileReference; fileEncoding = 4; lastKnownFileType = file.xib; path = editImageVc_mainFilterCell.xib; sourceTree = "<group>"; };
		157930892435BDD000EE428F /* DiscoveryView.swift */ = {isa = PBXFileReference; lastKnownFileType = sourcecode.swift; path = DiscoveryView.swift; sourceTree = "<group>"; };
		1579308A2435BDD000EE428F /* DiscoveryViewModel.swift */ = {isa = PBXFileReference; lastKnownFileType = sourcecode.swift; path = DiscoveryViewModel.swift; sourceTree = "<group>"; };
		1579308B2435BDD000EE428F /* DiscoveryViewModeled.swift */ = {isa = PBXFileReference; lastKnownFileType = sourcecode.swift; path = DiscoveryViewModeled.swift; sourceTree = "<group>"; };
		157930902435BE0100EE428F /* RootTabBarView.swift */ = {isa = PBXFileReference; lastKnownFileType = sourcecode.swift; path = RootTabBarView.swift; sourceTree = "<group>"; };
		157930912435BE0100EE428F /* RootTabBarViewModel.swift */ = {isa = PBXFileReference; lastKnownFileType = sourcecode.swift; path = RootTabBarViewModel.swift; sourceTree = "<group>"; };
		157930922435BE0100EE428F /* RootTabBarViewModeled.swift */ = {isa = PBXFileReference; lastKnownFileType = sourcecode.swift; path = RootTabBarViewModeled.swift; sourceTree = "<group>"; };
		157930972435C2F100EE428F /* UserCardView.swift */ = {isa = PBXFileReference; lastKnownFileType = sourcecode.swift; path = UserCardView.swift; sourceTree = "<group>"; };
		157930982435C2F100EE428F /* UserCardViewModel.swift */ = {isa = PBXFileReference; lastKnownFileType = sourcecode.swift; path = UserCardViewModel.swift; sourceTree = "<group>"; };
		157930992435C2F100EE428F /* UserCardViewModeled.swift */ = {isa = PBXFileReference; lastKnownFileType = sourcecode.swift; path = UserCardViewModeled.swift; sourceTree = "<group>"; };
		157930A02435CE5300EE428F /* View+Ext.swift */ = {isa = PBXFileReference; lastKnownFileType = sourcecode.swift; path = "View+Ext.swift"; sourceTree = "<group>"; };
		157930A22435D31C00EE428F /* SF-Pro-Display-Ultralight.otf */ = {isa = PBXFileReference; lastKnownFileType = file; path = "SF-Pro-Display-Ultralight.otf"; sourceTree = "<group>"; };
		157930A82435E62000EE428F /* SettingsView.swift */ = {isa = PBXFileReference; lastKnownFileType = sourcecode.swift; path = SettingsView.swift; sourceTree = "<group>"; };
		157930A92435E62000EE428F /* SettingsViewModel.swift */ = {isa = PBXFileReference; lastKnownFileType = sourcecode.swift; path = SettingsViewModel.swift; sourceTree = "<group>"; };
		157930AA2435E62000EE428F /* SettingsViewModeled.swift */ = {isa = PBXFileReference; lastKnownFileType = sourcecode.swift; path = SettingsViewModeled.swift; sourceTree = "<group>"; };
		157930AE2435E68400EE428F /* SF-Pro-Display-Bold.otf */ = {isa = PBXFileReference; lastKnownFileType = file; path = "SF-Pro-Display-Bold.otf"; sourceTree = "<group>"; };
		157930DD24371D0800EE428F /* StoryCardsView.swift */ = {isa = PBXFileReference; lastKnownFileType = sourcecode.swift; path = StoryCardsView.swift; sourceTree = "<group>"; };
		157930DE24371D0800EE428F /* StoryCardsViewModel.swift */ = {isa = PBXFileReference; lastKnownFileType = sourcecode.swift; path = StoryCardsViewModel.swift; sourceTree = "<group>"; };
		157930DF24371D0800EE428F /* StoryCardsViewModeled.swift */ = {isa = PBXFileReference; lastKnownFileType = sourcecode.swift; path = StoryCardsViewModeled.swift; sourceTree = "<group>"; };
		157930E42437209100EE428F /* StoriesViewModel.swift */ = {isa = PBXFileReference; fileEncoding = 4; lastKnownFileType = sourcecode.swift; path = StoriesViewModel.swift; sourceTree = "<group>"; };
		157930E52437209100EE428F /* StoriesViewModeled.swift */ = {isa = PBXFileReference; fileEncoding = 4; lastKnownFileType = sourcecode.swift; path = StoriesViewModeled.swift; sourceTree = "<group>"; };
		157930E62437209100EE428F /* StoriesView.swift */ = {isa = PBXFileReference; fileEncoding = 4; lastKnownFileType = sourcecode.swift; path = StoriesView.swift; sourceTree = "<group>"; };
		157930EB2437227A00EE428F /* StorieView.swift */ = {isa = PBXFileReference; lastKnownFileType = sourcecode.swift; path = StorieView.swift; sourceTree = "<group>"; };
		157930EC2437227A00EE428F /* StorieViewModel.swift */ = {isa = PBXFileReference; lastKnownFileType = sourcecode.swift; path = StorieViewModel.swift; sourceTree = "<group>"; };
		157930ED2437227A00EE428F /* StorieViewModeled.swift */ = {isa = PBXFileReference; lastKnownFileType = sourcecode.swift; path = StorieViewModeled.swift; sourceTree = "<group>"; };
		157930F1243722F300EE428F /* Image+Ext.swift */ = {isa = PBXFileReference; lastKnownFileType = sourcecode.swift; path = "Image+Ext.swift"; sourceTree = "<group>"; };
		157930F42437324600EE428F /* CardCuraselView.swift */ = {isa = PBXFileReference; lastKnownFileType = sourcecode.swift; path = CardCuraselView.swift; sourceTree = "<group>"; };
		157930F52437324600EE428F /* CardCuraselViewModel.swift */ = {isa = PBXFileReference; lastKnownFileType = sourcecode.swift; path = CardCuraselViewModel.swift; sourceTree = "<group>"; };
		157930F62437324600EE428F /* CardCuraselViewModeled.swift */ = {isa = PBXFileReference; lastKnownFileType = sourcecode.swift; path = CardCuraselViewModeled.swift; sourceTree = "<group>"; };
		157930FE243737A800EE428F /* KolodeViewHolder.swift */ = {isa = PBXFileReference; lastKnownFileType = sourcecode.swift; path = KolodeViewHolder.swift; sourceTree = "<group>"; };
		1579310324373C2800EE428F /* UIView+Ext.swift */ = {isa = PBXFileReference; fileEncoding = 4; lastKnownFileType = sourcecode.swift; path = "UIView+Ext.swift"; sourceTree = "<group>"; };
		15793106243754B500EE428F /* CardCuraselElementView.swift */ = {isa = PBXFileReference; lastKnownFileType = sourcecode.swift; path = CardCuraselElementView.swift; sourceTree = "<group>"; };
		15793107243754B500EE428F /* CardCuraselElementViewModel.swift */ = {isa = PBXFileReference; lastKnownFileType = sourcecode.swift; path = CardCuraselElementViewModel.swift; sourceTree = "<group>"; };
		15793108243754B500EE428F /* CardCuraselElementViewModeled.swift */ = {isa = PBXFileReference; lastKnownFileType = sourcecode.swift; path = CardCuraselElementViewModeled.swift; sourceTree = "<group>"; };
		158A2C562434844F005F6847 /* DatePickerField.swift */ = {isa = PBXFileReference; lastKnownFileType = sourcecode.swift; path = DatePickerField.swift; sourceTree = "<group>"; };
		158A2C5824348F1F005F6847 /* View+Navigation.swift */ = {isa = PBXFileReference; lastKnownFileType = sourcecode.swift; path = "View+Navigation.swift"; sourceTree = "<group>"; };
		158A2C5B24349433005F6847 /* FaceDetectionView.swift */ = {isa = PBXFileReference; lastKnownFileType = sourcecode.swift; path = FaceDetectionView.swift; sourceTree = "<group>"; };
		158A2C5C24349433005F6847 /* FaceDetectionViewModel.swift */ = {isa = PBXFileReference; lastKnownFileType = sourcecode.swift; path = FaceDetectionViewModel.swift; sourceTree = "<group>"; };
		158A2C5D24349433005F6847 /* FaceDetectionViewModeled.swift */ = {isa = PBXFileReference; lastKnownFileType = sourcecode.swift; path = FaceDetectionViewModeled.swift; sourceTree = "<group>"; };
		158A2C6224349509005F6847 /* libFaceDetectionLib.a */ = {isa = PBXFileReference; explicitFileType = archive.ar; path = libFaceDetectionLib.a; sourceTree = BUILT_PRODUCTS_DIR; };
		158A2C642434952F005F6847 /* FaceDetectionViewController.swift */ = {isa = PBXFileReference; lastKnownFileType = sourcecode.swift; path = FaceDetectionViewController.swift; sourceTree = "<group>"; };
		1593AA2524346CC2004FAE5D /* SwiftUI+Keyboard.swift */ = {isa = PBXFileReference; lastKnownFileType = sourcecode.swift; path = "SwiftUI+Keyboard.swift"; sourceTree = "<group>"; };
		15E8CCDB2431E1D400A92595 /* SignUpEmail.swift */ = {isa = PBXFileReference; lastKnownFileType = sourcecode.swift; path = SignUpEmail.swift; sourceTree = "<group>"; };
		15E8CCDD2431E35F00A92595 /* AuthAppScreens.swift */ = {isa = PBXFileReference; lastKnownFileType = sourcecode.swift; path = AuthAppScreens.swift; sourceTree = "<group>"; };
		15E8CCDF2431E74300A92595 /* KeyboardObserver.swift */ = {isa = PBXFileReference; lastKnownFileType = sourcecode.swift; path = KeyboardObserver.swift; sourceTree = "<group>"; };
		15E8CCE12431EE2500A92595 /* SF-Pro-Display-Light.otf */ = {isa = PBXFileReference; lastKnownFileType = file; path = "SF-Pro-Display-Light.otf"; sourceTree = "<group>"; };
		15E8CCE32431EFF200A92595 /* SignUpTextField.swift */ = {isa = PBXFileReference; lastKnownFileType = sourcecode.swift; path = SignUpTextField.swift; sourceTree = "<group>"; };
		15E8CCE52432053500A92595 /* SF-Pro-Display-Thin.otf */ = {isa = PBXFileReference; lastKnownFileType = file; path = "SF-Pro-Display-Thin.otf"; sourceTree = "<group>"; };
		15E8CCE82432287B00A92595 /* SignUpEmailViewModeled.swift */ = {isa = PBXFileReference; lastKnownFileType = sourcecode.swift; path = SignUpEmailViewModeled.swift; sourceTree = "<group>"; };
		15E8CCEA2432289900A92595 /* SignUpEmailViewModel.swift */ = {isa = PBXFileReference; lastKnownFileType = sourcecode.swift; path = SignUpEmailViewModel.swift; sourceTree = "<group>"; };
		297656FF9878ADB99ADD59F3 /* Pods-Hush-SwiftUI.debug.xcconfig */ = {isa = PBXFileReference; includeInIndex = 1; lastKnownFileType = text.xcconfig; name = "Pods-Hush-SwiftUI.debug.xcconfig"; path = "Target Support Files/Pods-Hush-SwiftUI/Pods-Hush-SwiftUI.debug.xcconfig"; sourceTree = "<group>"; };
		367D1AB809231A2FAB392DF4 /* Pods_Hush_SwiftUI.framework */ = {isa = PBXFileReference; explicitFileType = wrapper.framework; includeInIndex = 0; path = Pods_Hush_SwiftUI.framework; sourceTree = BUILT_PRODUCTS_DIR; };
		5C6EE0D6D16A7A7BBEE2D07B /* Pods-Hush-SwiftUI.release.xcconfig */ = {isa = PBXFileReference; includeInIndex = 1; lastKnownFileType = text.xcconfig; name = "Pods-Hush-SwiftUI.release.xcconfig"; path = "Target Support Files/Pods-Hush-SwiftUI/Pods-Hush-SwiftUI.release.xcconfig"; sourceTree = "<group>"; };
/* End PBXFileReference section */

/* Begin PBXFrameworksBuildPhase section */
		154B26882431BF6600265C76 /* Frameworks */ = {
			isa = PBXFrameworksBuildPhase;
			buildActionMask = 2147483647;
			files = (
				157930B22435EC3400EE428F /* PartialSheet in Frameworks */,
				1579309F2435CAFC00EE428F /* QGrid in Frameworks */,
				158A2C6324349509005F6847 /* libFaceDetectionLib.a in Frameworks */,
				155E2FF0243B0962001D886D /* CoreLogic.framework in Frameworks */,
				2D0E78432E4C49082A57C36A /* Pods_Hush_SwiftUI.framework in Frameworks */,
			);
			runOnlyForDeploymentPostprocessing = 0;
		};
/* End PBXFrameworksBuildPhase section */

/* Begin PBXGroup section */
		1546B42124331D9800180D77 /* AddPhotos */ = {
			isa = PBXGroup;
			children = (
				1546B42524331DC400180D77 /* AddPhotosView.swift */,
				1546B42424331DC400180D77 /* AddPhotosViewModel.swift */,
				1546B42A24331EB900180D77 /* AddPhotosViewModeled.swift */,
			);
			path = AddPhotos;
			sourceTree = "<group>";
		};
		1546B4302433400C00180D77 /* Login */ = {
			isa = PBXGroup;
			children = (
				1546B44A24335B3E00180D77 /* ForgotPassword */,
				1546B44324334FEB00180D77 /* LoginWithEmail */,
				1546B43D243340BD00180D77 /* LoginView.swift */,
				1546B43E243340BD00180D77 /* LoginViewModel.swift */,
				1546B43F243340BD00180D77 /* LoginViewModeled.swift */,
			);
			path = Login;
			sourceTree = "<group>";
		};
		1546B44324334FEB00180D77 /* LoginWithEmail */ = {
			isa = PBXGroup;
			children = (
				1546B4442433500C00180D77 /* LoginWithEmailView.swift */,
				1546B4452433500C00180D77 /* LoginWithEmailViewModel.swift */,
				1546B4462433500C00180D77 /* LoginWithEmailViewModeled.swift */,
			);
			path = LoginWithEmail;
			sourceTree = "<group>";
		};
		1546B44A24335B3E00180D77 /* ForgotPassword */ = {
			isa = PBXGroup;
			children = (
				1546B44B24335B4F00180D77 /* ForgotPasswordView.swift */,
				1546B44C24335B4F00180D77 /* ForgotPasswordViewModel.swift */,
				1546B44D24335B4F00180D77 /* ForgotPasswordViewModeled.swift */,
			);
			path = ForgotPassword;
			sourceTree = "<group>";
		};
		1546B45124336B6600180D77 /* GetMoreDetails */ = {
			isa = PBXGroup;
			children = (
				1546B45224336B7500180D77 /* GetMoreDetailsView.swift */,
				1546B45324336B7500180D77 /* GetMoreDetailsViewModel.swift */,
				1546B45424336B7500180D77 /* GetMoreDetailsViewModeled.swift */,
			);
			path = GetMoreDetails;
			sourceTree = "<group>";
		};
		154B26822431BF6600265C76 = {
			isa = PBXGroup;
			children = (
				154B268D2431BF6600265C76 /* Hush-SwiftUI */,
				154B268C2431BF6600265C76 /* Products */,
				158A2C6124349509005F6847 /* Frameworks */,
				319B9CBB34AC2D97DD833815 /* Pods */,
			);
			sourceTree = "<group>";
		};
		154B268C2431BF6600265C76 /* Products */ = {
			isa = PBXGroup;
			children = (
				154B268B2431BF6600265C76 /* Hush-SwiftUI.app */,
			);
			name = Products;
			sourceTree = "<group>";
		};
		154B268D2431BF6600265C76 /* Hush-SwiftUI */ = {
			isa = PBXGroup;
			children = (
				154B26AC2431CB7800265C76 /* Extensions */,
				154B26A92431CB4D00265C76 /* Helpers */,
				154B26A42431C32500265C76 /* Modules */,
				154B26A32431C28B00265C76 /* App */,
				154B26A22431C27500265C76 /* Resources */,
				154B26922431BF6600265C76 /* MainView.swift */,
			);
			path = "Hush-SwiftUI";
			sourceTree = "<group>";
		};
		154B26962431BF6800265C76 /* Preview Content */ = {
			isa = PBXGroup;
			children = (
				154B26972431BF6800265C76 /* Preview Assets.xcassets */,
			);
			path = "Preview Content";
			sourceTree = "<group>";
		};
		154B26A22431C27500265C76 /* Resources */ = {
			isa = PBXGroup;
			children = (
				154B26B32431D25E00265C76 /* Fonts */,
				154B26942431BF6800265C76 /* Assets.xcassets */,
				154B26992431BF6800265C76 /* LaunchScreen.storyboard */,
				154B269C2431BF6800265C76 /* Info.plist */,
				154B26962431BF6800265C76 /* Preview Content */,
			);
			path = Resources;
			sourceTree = "<group>";
		};
		154B26A32431C28B00265C76 /* App */ = {
			isa = PBXGroup;
			children = (
				154B268E2431BF6600265C76 /* AppDelegate.swift */,
				154B26902431BF6600265C76 /* SceneDelegate.swift */,
				154B26BB2431DD7400265C76 /* iOSApp.swift */,
			);
			path = App;
			sourceTree = "<group>";
		};
		154B26A42431C32500265C76 /* Modules */ = {
			isa = PBXGroup;
			children = (
				155E3000243B1E85001D886D /* MessageDetail */,
				155E2FE3243B0684001D886D /* Messages */,
				157930F32437321800EE428F /* CardCurasel */,
				157930EA2437225E00EE428F /* Storie */,
				157930E32437206000EE428F /* Stories */,
				157930DC24371CEE00EE428F /* StoryCards */,
				157930A72435E60500EE428F /* Settings */,
				157930962435C2E400EE428F /* Card */,
				1579308F2435BDE800EE428F /* Root */,
				157930882435BDB600EE428F /* Discovery */,
				158A2C5A2434940B005F6847 /* FaceDetection */,
				154B26A52431C33500265C76 /* Auth */,
			);
			path = Modules;
			sourceTree = "<group>";
		};
		154B26A52431C33500265C76 /* Auth */ = {
			isa = PBXGroup;
			children = (
				15E8CCDD2431E35F00A92595 /* AuthAppScreens.swift */,
				1546B4302433400C00180D77 /* Login */,
				154B26A62431C35600265C76 /* SignUp */,
			);
			path = Auth;
			sourceTree = "<group>";
		};
		154B26A62431C35600265C76 /* SignUp */ = {
			isa = PBXGroup;
			children = (
				1546B45124336B6600180D77 /* GetMoreDetails */,
				1546B42124331D9800180D77 /* AddPhotos */,
				15E8CCE72432286900A92595 /* SignUpWithEmail */,
				154B26A72431C36B00265C76 /* SignUpView.swift */,
				154B26AF2431CDE300265C76 /* LoginButtons.swift */,
				154B26B12431D06000265C76 /* SignUpViewModel.swift */,
				1546B42824331E7400180D77 /* SignUpViewModeled.swift */,
			);
			path = SignUp;
			sourceTree = "<group>";
		};
		154B26A92431CB4D00265C76 /* Helpers */ = {
			isa = PBXGroup;
			children = (
				155E2FF7243B0FF1001D886D /* AsyncImage */,
				1546B42E2433316C00180D77 /* DVImagePicker.swift */,
				154B26AA2431CB5A00265C76 /* HapticButton.swift */,
				15E8CCDF2431E74300A92595 /* KeyboardObserver.swift */,
				15E8CCE32431EFF200A92595 /* SignUpTextField.swift */,
				1546B42C2433275F00180D77 /* HTextField.swift */,
				1546B45824336B8C00180D77 /* HSegmentedControl.swift */,
				158A2C562434844F005F6847 /* DatePickerField.swift */,
				158A2C5824348F1F005F6847 /* View+Navigation.swift */,
				157930FE243737A800EE428F /* KolodeViewHolder.swift */,
				155E3007243B282B001D886D /* RoundedCorners.swift */,
				155E300E243B4132001D886D /* HTextView.swift */,
			);
			path = Helpers;
			sourceTree = "<group>";
		};
		154B26AC2431CB7800265C76 /* Extensions */ = {
			isa = PBXGroup;
			children = (
				1579310324373C2800EE428F /* UIView+Ext.swift */,
				154B26AD2431CB8600265C76 /* Color+Ext.swift */,
				154B26B52431D2A400265C76 /* Font+Ext.swift */,
				1593AA2524346CC2004FAE5D /* SwiftUI+Keyboard.swift */,
				157930A02435CE5300EE428F /* View+Ext.swift */,
				157930F1243722F300EE428F /* Image+Ext.swift */,
			);
			path = Extensions;
			sourceTree = "<group>";
		};
		154B26B32431D25E00265C76 /* Fonts */ = {
			isa = PBXGroup;
			children = (
				157930A22435D31C00EE428F /* SF-Pro-Display-Ultralight.otf */,
				157930AE2435E68400EE428F /* SF-Pro-Display-Bold.otf */,
				15E8CCE12431EE2500A92595 /* SF-Pro-Display-Light.otf */,
				15E8CCE52432053500A92595 /* SF-Pro-Display-Thin.otf */,
				154B26B72431D4AD00265C76 /* SF-Pro-Display-Regular.otf */,
				154B26B42431D27F00265C76 /* SF-Pro-Display-Medium.otf */,
			);
			path = Fonts;
			sourceTree = "<group>";
		};
		155E2FE3243B0684001D886D /* Messages */ = {
			isa = PBXGroup;
			children = (
				155E2FF2243B0BFE001D886D /* MessagesCell */,
				155E2FE4243B069C001D886D /* MessagesView.swift */,
				155E2FE5243B069C001D886D /* MessagesViewModel.swift */,
				155E2FE6243B069C001D886D /* MessagesViewModeled.swift */,
			);
			path = Messages;
			sourceTree = "<group>";
		};
		155E2FF2243B0BFE001D886D /* MessagesCell */ = {
			isa = PBXGroup;
			children = (
				155E2FF3243B0C2C001D886D /* MessagesCell.swift */,
			);
			path = MessagesCell;
			sourceTree = "<group>";
		};
		155E2FF7243B0FF1001D886D /* AsyncImage */ = {
			isa = PBXGroup;
			children = (
				155E2FFA243B0FFC001D886D /* AsyncImage.swift */,
				155E2FF8243B0FFC001D886D /* EnvironmentValues+ImageCache.swift */,
				155E2FF9243B0FFC001D886D /* ImageCache.swift */,
				155E2FFB243B0FFC001D886D /* ImageLoader.swift */,
			);
			path = AsyncImage;
			sourceTree = "<group>";
		};
		155E3000243B1E85001D886D /* MessageDetail */ = {
			isa = PBXGroup;
			children = (
				155E300B243B2A18001D886D /* Content */,
				155E3001243B1E93001D886D /* MessageDetailView.swift */,
				155E3002243B1E93001D886D /* MessageDetailViewModel.swift */,
				155E3003243B1E93001D886D /* MessageDetailViewModeled.swift */,
			);
			path = MessageDetail;
			sourceTree = "<group>";
		};
		155E300B243B2A18001D886D /* Content */ = {
			isa = PBXGroup;
			children = (
				155E3009243B29EF001D886D /* ContentMessageView.swift */,
				155E3010243B496D001D886D /* SendTextField.swift */,
			);
			path = Content;
			sourceTree = "<group>";
		};
		157930782435B68000EE428F /* Old */ = {
			isa = PBXGroup;
			children = (
				157930832435B7A000EE428F /* EditImageVC_cell */,
				157930812435B77000EE428F /* StickerView.swift */,
				1579307F2435B73B00EE428F /* UIButtonX.swift */,
				157930792435B69C00EE428F /* FacedetectorVC.swift */,
				1579307A2435B69C00EE428F /* LookingGoodVC.swift */,
				1579307D2435B6B200EE428F /* OldFaceDetection.storyboard */,
			);
			path = Old;
			sourceTree = "<group>";
		};
		157930832435B7A000EE428F /* EditImageVC_cell */ = {
			isa = PBXGroup;
			children = (
				157930842435B7A000EE428F /* editImageVc_mainFilterCell.swift */,
				157930852435B7A000EE428F /* editImageVc_mainFilterCell.xib */,
			);
			name = EditImageVC_cell;
			path = "../../../../../hush-ios/Hush/System/Cell/EditImageVC_cell";
			sourceTree = "<group>";
		};
		157930882435BDB600EE428F /* Discovery */ = {
			isa = PBXGroup;
			children = (
				157930892435BDD000EE428F /* DiscoveryView.swift */,
				1579308A2435BDD000EE428F /* DiscoveryViewModel.swift */,
				1579308B2435BDD000EE428F /* DiscoveryViewModeled.swift */,
			);
			path = Discovery;
			sourceTree = "<group>";
		};
		1579308F2435BDE800EE428F /* Root */ = {
			isa = PBXGroup;
			children = (
				157930902435BE0100EE428F /* RootTabBarView.swift */,
				157930912435BE0100EE428F /* RootTabBarViewModel.swift */,
				157930922435BE0100EE428F /* RootTabBarViewModeled.swift */,
			);
			path = Root;
			sourceTree = "<group>";
		};
		157930962435C2E400EE428F /* Card */ = {
			isa = PBXGroup;
			children = (
				157930972435C2F100EE428F /* UserCardView.swift */,
				157930982435C2F100EE428F /* UserCardViewModel.swift */,
				157930992435C2F100EE428F /* UserCardViewModeled.swift */,
			);
			path = Card;
			sourceTree = "<group>";
		};
		157930A72435E60500EE428F /* Settings */ = {
			isa = PBXGroup;
			children = (
				157930A82435E62000EE428F /* SettingsView.swift */,
				157930A92435E62000EE428F /* SettingsViewModel.swift */,
				157930AA2435E62000EE428F /* SettingsViewModeled.swift */,
			);
			path = Settings;
			sourceTree = "<group>";
		};
		157930DC24371CEE00EE428F /* StoryCards */ = {
			isa = PBXGroup;
			children = (
				157930DD24371D0800EE428F /* StoryCardsView.swift */,
				157930DE24371D0800EE428F /* StoryCardsViewModel.swift */,
				157930DF24371D0800EE428F /* StoryCardsViewModeled.swift */,
			);
			path = StoryCards;
			sourceTree = "<group>";
		};
		157930E32437206000EE428F /* Stories */ = {
			isa = PBXGroup;
			children = (
				157930E62437209100EE428F /* StoriesView.swift */,
				157930E42437209100EE428F /* StoriesViewModel.swift */,
				157930E52437209100EE428F /* StoriesViewModeled.swift */,
			);
			path = Stories;
			sourceTree = "<group>";
		};
		157930EA2437225E00EE428F /* Storie */ = {
			isa = PBXGroup;
			children = (
				157930EB2437227A00EE428F /* StorieView.swift */,
				157930EC2437227A00EE428F /* StorieViewModel.swift */,
				157930ED2437227A00EE428F /* StorieViewModeled.swift */,
			);
			path = Storie;
			sourceTree = "<group>";
		};
		157930F32437321800EE428F /* CardCurasel */ = {
			isa = PBXGroup;
			children = (
				15793105243754A200EE428F /* CardCuraselElement */,
				157930F42437324600EE428F /* CardCuraselView.swift */,
				157930F52437324600EE428F /* CardCuraselViewModel.swift */,
				157930F62437324600EE428F /* CardCuraselViewModeled.swift */,
			);
			path = CardCurasel;
			sourceTree = "<group>";
		};
		15793105243754A200EE428F /* CardCuraselElement */ = {
			isa = PBXGroup;
			children = (
				15793106243754B500EE428F /* CardCuraselElementView.swift */,
				15793107243754B500EE428F /* CardCuraselElementViewModel.swift */,
				15793108243754B500EE428F /* CardCuraselElementViewModeled.swift */,
			);
			path = CardCuraselElement;
			sourceTree = "<group>";
		};
		158A2C5A2434940B005F6847 /* FaceDetection */ = {
			isa = PBXGroup;
			children = (
				157930782435B68000EE428F /* Old */,
				158A2C5B24349433005F6847 /* FaceDetectionView.swift */,
				158A2C5C24349433005F6847 /* FaceDetectionViewModel.swift */,
				158A2C5D24349433005F6847 /* FaceDetectionViewModeled.swift */,
				158A2C642434952F005F6847 /* FaceDetectionViewController.swift */,
			);
			path = FaceDetection;
			sourceTree = "<group>";
		};
		158A2C6124349509005F6847 /* Frameworks */ = {
			isa = PBXGroup;
			children = (
				155E2FEF243B0962001D886D /* CoreLogic.framework */,
				158A2C6224349509005F6847 /* libFaceDetectionLib.a */,
				367D1AB809231A2FAB392DF4 /* Pods_Hush_SwiftUI.framework */,
			);
			name = Frameworks;
			sourceTree = "<group>";
		};
		15E8CCE72432286900A92595 /* SignUpWithEmail */ = {
			isa = PBXGroup;
			children = (
				15E8CCDB2431E1D400A92595 /* SignUpEmail.swift */,
				15E8CCE82432287B00A92595 /* SignUpEmailViewModeled.swift */,
				15E8CCEA2432289900A92595 /* SignUpEmailViewModel.swift */,
			);
			path = SignUpWithEmail;
			sourceTree = "<group>";
		};
		319B9CBB34AC2D97DD833815 /* Pods */ = {
			isa = PBXGroup;
			children = (
				297656FF9878ADB99ADD59F3 /* Pods-Hush-SwiftUI.debug.xcconfig */,
				5C6EE0D6D16A7A7BBEE2D07B /* Pods-Hush-SwiftUI.release.xcconfig */,
			);
			path = Pods;
			sourceTree = "<group>";
		};
/* End PBXGroup section */

/* Begin PBXNativeTarget section */
		154B268A2431BF6600265C76 /* Hush-SwiftUI */ = {
			isa = PBXNativeTarget;
			buildConfigurationList = 154B269F2431BF6800265C76 /* Build configuration list for PBXNativeTarget "Hush-SwiftUI" */;
			buildPhases = (
				5A71CE6E35E759BCB37A79ED /* [CP] Check Pods Manifest.lock */,
				154B26872431BF6600265C76 /* Sources */,
				154B26882431BF6600265C76 /* Frameworks */,
				154B26892431BF6600265C76 /* Resources */,
				1579310E243772DC00EE428F /* Embed Frameworks */,
				1D113BC4D7DD685343AF40C8 /* [CP] Embed Pods Frameworks */,
			);
			buildRules = (
			);
			dependencies = (
			);
			name = "Hush-SwiftUI";
			packageProductDependencies = (
				1579309E2435CAFC00EE428F /* QGrid */,
				157930B12435EC3400EE428F /* PartialSheet */,
			);
			productName = "Hush-SwiftUI";
			productReference = 154B268B2431BF6600265C76 /* Hush-SwiftUI.app */;
			productType = "com.apple.product-type.application";
		};
/* End PBXNativeTarget section */

/* Begin PBXProject section */
		154B26832431BF6600265C76 /* Project object */ = {
			isa = PBXProject;
			attributes = {
				LastSwiftUpdateCheck = 1140;
				LastUpgradeCheck = 1140;
				ORGANIZATIONNAME = AppServices;
				TargetAttributes = {
					154B268A2431BF6600265C76 = {
						CreatedOnToolsVersion = 11.4;
					};
				};
			};
			buildConfigurationList = 154B26862431BF6600265C76 /* Build configuration list for PBXProject "Hush-SwiftUI" */;
			compatibilityVersion = "Xcode 9.3";
			developmentRegion = en;
			hasScannedForEncodings = 0;
			knownRegions = (
				en,
				Base,
			);
			mainGroup = 154B26822431BF6600265C76;
			packageReferences = (
				1579309D2435CAFC00EE428F /* XCRemoteSwiftPackageReference "QGrid" */,
				157930B02435EC3400EE428F /* XCRemoteSwiftPackageReference "PartialSheet" */,
			);
			productRefGroup = 154B268C2431BF6600265C76 /* Products */;
			projectDirPath = "";
			projectRoot = "";
			targets = (
				154B268A2431BF6600265C76 /* Hush-SwiftUI */,
			);
		};
/* End PBXProject section */

/* Begin PBXResourcesBuildPhase section */
		154B26892431BF6600265C76 /* Resources */ = {
			isa = PBXResourcesBuildPhase;
			buildActionMask = 2147483647;
			files = (
				15E8CCE62432053500A92595 /* SF-Pro-Display-Thin.otf in Resources */,
				154B269B2431BF6800265C76 /* LaunchScreen.storyboard in Resources */,
				154B26982431BF6800265C76 /* Preview Assets.xcassets in Resources */,
				157930872435B7A000EE428F /* editImageVc_mainFilterCell.xib in Resources */,
				154B26B82431D56C00265C76 /* SF-Pro-Display-Regular.otf in Resources */,
				154B26952431BF6800265C76 /* Assets.xcassets in Resources */,
				15E8CCE22431EE2500A92595 /* SF-Pro-Display-Light.otf in Resources */,
				157930A32435D31D00EE428F /* SF-Pro-Display-Ultralight.otf in Resources */,
				154B26B92431D56E00265C76 /* SF-Pro-Display-Medium.otf in Resources */,
				1579307E2435B6B200EE428F /* OldFaceDetection.storyboard in Resources */,
				157930AF2435E68400EE428F /* SF-Pro-Display-Bold.otf in Resources */,
			);
			runOnlyForDeploymentPostprocessing = 0;
		};
/* End PBXResourcesBuildPhase section */

/* Begin PBXShellScriptBuildPhase section */
		1D113BC4D7DD685343AF40C8 /* [CP] Embed Pods Frameworks */ = {
			isa = PBXShellScriptBuildPhase;
			buildActionMask = 2147483647;
			files = (
			);
			inputFileListPaths = (
				"${PODS_ROOT}/Target Support Files/Pods-Hush-SwiftUI/Pods-Hush-SwiftUI-frameworks-${CONFIGURATION}-input-files.xcfilelist",
			);
			name = "[CP] Embed Pods Frameworks";
			outputFileListPaths = (
				"${PODS_ROOT}/Target Support Files/Pods-Hush-SwiftUI/Pods-Hush-SwiftUI-frameworks-${CONFIGURATION}-output-files.xcfilelist",
			);
			runOnlyForDeploymentPostprocessing = 0;
			shellPath = /bin/sh;
			shellScript = "\"${PODS_ROOT}/Target Support Files/Pods-Hush-SwiftUI/Pods-Hush-SwiftUI-frameworks.sh\"\n";
			showEnvVarsInLog = 0;
		};
		5A71CE6E35E759BCB37A79ED /* [CP] Check Pods Manifest.lock */ = {
			isa = PBXShellScriptBuildPhase;
			buildActionMask = 2147483647;
			files = (
			);
			inputFileListPaths = (
			);
			inputPaths = (
				"${PODS_PODFILE_DIR_PATH}/Podfile.lock",
				"${PODS_ROOT}/Manifest.lock",
			);
			name = "[CP] Check Pods Manifest.lock";
			outputFileListPaths = (
			);
			outputPaths = (
				"$(DERIVED_FILE_DIR)/Pods-Hush-SwiftUI-checkManifestLockResult.txt",
			);
			runOnlyForDeploymentPostprocessing = 0;
			shellPath = /bin/sh;
			shellScript = "diff \"${PODS_PODFILE_DIR_PATH}/Podfile.lock\" \"${PODS_ROOT}/Manifest.lock\" > /dev/null\nif [ $? != 0 ] ; then\n    # print error to STDERR\n    echo \"error: The sandbox is not in sync with the Podfile.lock. Run 'pod install' or update your CocoaPods installation.\" >&2\n    exit 1\nfi\n# This output is used by Xcode 'outputs' to avoid re-running this script phase.\necho \"SUCCESS\" > \"${SCRIPT_OUTPUT_FILE_0}\"\n";
			showEnvVarsInLog = 0;
		};
/* End PBXShellScriptBuildPhase section */

/* Begin PBXSourcesBuildPhase section */
		154B26872431BF6600265C76 /* Sources */ = {
			isa = PBXSourcesBuildPhase;
			buildActionMask = 2147483647;
			files = (
				154B26AB2431CB5A00265C76 /* HapticButton.swift in Sources */,
				1579308C2435BDD000EE428F /* DiscoveryView.swift in Sources */,
				1579308D2435BDD000EE428F /* DiscoveryViewModel.swift in Sources */,
				155E2FE9243B069C001D886D /* MessagesViewModeled.swift in Sources */,
				157930AC2435E62000EE428F /* SettingsViewModel.swift in Sources */,
				15E8CCE02431E74300A92595 /* KeyboardObserver.swift in Sources */,
				1579310A243754B500EE428F /* CardCuraselElementViewModel.swift in Sources */,
				1546B42D2433275F00180D77 /* HTextField.swift in Sources */,
				158A2C6024349433005F6847 /* FaceDetectionViewModeled.swift in Sources */,
				1579308E2435BDD000EE428F /* DiscoveryViewModeled.swift in Sources */,
				154B26A82431C36B00265C76 /* SignUpView.swift in Sources */,
				1546B440243340BD00180D77 /* LoginView.swift in Sources */,
				1546B42924331E7400180D77 /* SignUpViewModeled.swift in Sources */,
				155E3004243B1E93001D886D /* MessageDetailView.swift in Sources */,
				158A2C5924348F1F005F6847 /* View+Navigation.swift in Sources */,
				157930A12435CE5300EE428F /* View+Ext.swift in Sources */,
				1546B44F24335B4F00180D77 /* ForgotPasswordViewModel.swift in Sources */,
				155E2FFC243B0FFC001D886D /* EnvironmentValues+ImageCache.swift in Sources */,
				157930E92437209100EE428F /* StoriesView.swift in Sources */,
				157930F02437227A00EE428F /* StorieViewModeled.swift in Sources */,
				1546B45624336B7500180D77 /* GetMoreDetailsViewModel.swift in Sources */,
				158A2C5F24349433005F6847 /* FaceDetectionViewModel.swift in Sources */,
				1579307C2435B69C00EE428F /* LookingGoodVC.swift in Sources */,
				158A2C652434952F005F6847 /* FaceDetectionViewController.swift in Sources */,
				157930862435B7A000EE428F /* editImageVc_mainFilterCell.swift in Sources */,
				155E2FE8243B069C001D886D /* MessagesViewModel.swift in Sources */,
				1579307B2435B69C00EE428F /* FacedetectorVC.swift in Sources */,
				1546B45724336B7500180D77 /* GetMoreDetailsViewModeled.swift in Sources */,
				1546B45524336B7500180D77 /* GetMoreDetailsView.swift in Sources */,
				157930F92437324600EE428F /* CardCuraselViewModeled.swift in Sources */,
				1546B45024335B4F00180D77 /* ForgotPasswordViewModeled.swift in Sources */,
				157930FF243737A800EE428F /* KolodeViewHolder.swift in Sources */,
				157930F2243722F300EE428F /* Image+Ext.swift in Sources */,
				155E2FFF243B0FFC001D886D /* ImageLoader.swift in Sources */,
				154B268F2431BF6600265C76 /* AppDelegate.swift in Sources */,
				1546B45924336B8C00180D77 /* HSegmentedControl.swift in Sources */,
				157930932435BE0100EE428F /* RootTabBarView.swift in Sources */,
				1579310B243754B500EE428F /* CardCuraselElementViewModeled.swift in Sources */,
				155E3006243B1E93001D886D /* MessageDetailViewModeled.swift in Sources */,
				155E2FF4243B0C2C001D886D /* MessagesCell.swift in Sources */,
				1546B4482433500C00180D77 /* LoginWithEmailViewModel.swift in Sources */,
				154B26BC2431DD7400265C76 /* iOSApp.swift in Sources */,
				1546B44E24335B4F00180D77 /* ForgotPasswordView.swift in Sources */,
				1593AA2624346CC2004FAE5D /* SwiftUI+Keyboard.swift in Sources */,
				155E3005243B1E93001D886D /* MessageDetailViewModel.swift in Sources */,
				158A2C572434844F005F6847 /* DatePickerField.swift in Sources */,
				154B26912431BF6600265C76 /* SceneDelegate.swift in Sources */,
				1546B4472433500C00180D77 /* LoginWithEmailView.swift in Sources */,
				157930E82437209100EE428F /* StoriesViewModeled.swift in Sources */,
				155E300A243B29EF001D886D /* ContentMessageView.swift in Sources */,
				154B26932431BF6600265C76 /* MainView.swift in Sources */,
				157930942435BE0100EE428F /* RootTabBarViewModel.swift in Sources */,
				1546B4492433500C00180D77 /* LoginWithEmailViewModeled.swift in Sources */,
				1579309C2435C2F100EE428F /* UserCardViewModeled.swift in Sources */,
				155E2FE7243B069C001D886D /* MessagesView.swift in Sources */,
				15E8CCE92432287B00A92595 /* SignUpEmailViewModeled.swift in Sources */,
				157930E72437209100EE428F /* StoriesViewModel.swift in Sources */,
				157930AD2435E62000EE428F /* SettingsViewModeled.swift in Sources */,
				157930E224371D0800EE428F /* StoryCardsViewModeled.swift in Sources */,
				1579309B2435C2F100EE428F /* UserCardViewModel.swift in Sources */,
				155E3011243B496D001D886D /* SendTextField.swift in Sources */,
				15E8CCDC2431E1D400A92595 /* SignUpEmail.swift in Sources */,
				157930EE2437227A00EE428F /* StorieView.swift in Sources */,
				1546B42724331DC400180D77 /* AddPhotosView.swift in Sources */,
				158A2C5E24349433005F6847 /* FaceDetectionView.swift in Sources */,
				1546B42624331DC400180D77 /* AddPhotosViewModel.swift in Sources */,
				157930E124371D0800EE428F /* StoryCardsViewModel.swift in Sources */,
				155E2FFE243B0FFC001D886D /* AsyncImage.swift in Sources */,
				1579309A2435C2F100EE428F /* UserCardView.swift in Sources */,
				1546B42F2433316C00180D77 /* DVImagePicker.swift in Sources */,
				15E8CCDE2431E35F00A92595 /* AuthAppScreens.swift in Sources */,
				1546B442243340BD00180D77 /* LoginViewModeled.swift in Sources */,
				155E3008243B282B001D886D /* RoundedCorners.swift in Sources */,
				15E8CCE42431EFF200A92595 /* SignUpTextField.swift in Sources */,
				157930AB2435E62000EE428F /* SettingsView.swift in Sources */,
				15E8CCEB2432289900A92595 /* SignUpEmailViewModel.swift in Sources */,
				154B26B02431CDE300265C76 /* LoginButtons.swift in Sources */,
				155E2FFD243B0FFC001D886D /* ImageCache.swift in Sources */,
				1579310424373C2800EE428F /* UIView+Ext.swift in Sources */,
				1546B42B24331EB900180D77 /* AddPhotosViewModeled.swift in Sources */,
				1546B441243340BD00180D77 /* LoginViewModel.swift in Sources */,
				15793109243754B500EE428F /* CardCuraselElementView.swift in Sources */,
				157930802435B73B00EE428F /* UIButtonX.swift in Sources */,
				157930E024371D0800EE428F /* StoryCardsView.swift in Sources */,
				157930EF2437227A00EE428F /* StorieViewModel.swift in Sources */,
				157930952435BE0100EE428F /* RootTabBarViewModeled.swift in Sources */,
				157930F82437324600EE428F /* CardCuraselViewModel.swift in Sources */,
				155E300F243B4132001D886D /* HTextView.swift in Sources */,
				157930822435B77000EE428F /* StickerView.swift in Sources */,
				154B26B22431D06000265C76 /* SignUpViewModel.swift in Sources */,
				154B26AE2431CB8600265C76 /* Color+Ext.swift in Sources */,
				154B26B62431D2A400265C76 /* Font+Ext.swift in Sources */,
				157930F72437324600EE428F /* CardCuraselView.swift in Sources */,
			);
			runOnlyForDeploymentPostprocessing = 0;
		};
/* End PBXSourcesBuildPhase section */

/* Begin PBXVariantGroup section */
		154B26992431BF6800265C76 /* LaunchScreen.storyboard */ = {
			isa = PBXVariantGroup;
			children = (
				154B269A2431BF6800265C76 /* Base */,
			);
			name = LaunchScreen.storyboard;
			sourceTree = "<group>";
		};
/* End PBXVariantGroup section */

/* Begin XCBuildConfiguration section */
		154B269D2431BF6800265C76 /* Debug */ = {
			isa = XCBuildConfiguration;
			buildSettings = {
				ALWAYS_SEARCH_USER_PATHS = NO;
				CLANG_ANALYZER_NONNULL = YES;
				CLANG_ANALYZER_NUMBER_OBJECT_CONVERSION = YES_AGGRESSIVE;
				CLANG_CXX_LANGUAGE_STANDARD = "gnu++14";
				CLANG_CXX_LIBRARY = "libc++";
				CLANG_ENABLE_MODULES = YES;
				CLANG_ENABLE_OBJC_ARC = YES;
				CLANG_ENABLE_OBJC_WEAK = YES;
				CLANG_WARN_BLOCK_CAPTURE_AUTORELEASING = YES;
				CLANG_WARN_BOOL_CONVERSION = YES;
				CLANG_WARN_COMMA = YES;
				CLANG_WARN_CONSTANT_CONVERSION = YES;
				CLANG_WARN_DEPRECATED_OBJC_IMPLEMENTATIONS = YES;
				CLANG_WARN_DIRECT_OBJC_ISA_USAGE = YES_ERROR;
				CLANG_WARN_DOCUMENTATION_COMMENTS = YES;
				CLANG_WARN_EMPTY_BODY = YES;
				CLANG_WARN_ENUM_CONVERSION = YES;
				CLANG_WARN_INFINITE_RECURSION = YES;
				CLANG_WARN_INT_CONVERSION = YES;
				CLANG_WARN_NON_LITERAL_NULL_CONVERSION = YES;
				CLANG_WARN_OBJC_IMPLICIT_RETAIN_SELF = YES;
				CLANG_WARN_OBJC_LITERAL_CONVERSION = YES;
				CLANG_WARN_OBJC_ROOT_CLASS = YES_ERROR;
				CLANG_WARN_RANGE_LOOP_ANALYSIS = YES;
				CLANG_WARN_STRICT_PROTOTYPES = YES;
				CLANG_WARN_SUSPICIOUS_MOVE = YES;
				CLANG_WARN_UNGUARDED_AVAILABILITY = YES_AGGRESSIVE;
				CLANG_WARN_UNREACHABLE_CODE = YES;
				CLANG_WARN__DUPLICATE_METHOD_MATCH = YES;
				COPY_PHASE_STRIP = NO;
				DEBUG_INFORMATION_FORMAT = dwarf;
				ENABLE_STRICT_OBJC_MSGSEND = YES;
				ENABLE_TESTABILITY = YES;
				GCC_C_LANGUAGE_STANDARD = gnu11;
				GCC_DYNAMIC_NO_PIC = NO;
				GCC_NO_COMMON_BLOCKS = YES;
				GCC_OPTIMIZATION_LEVEL = 0;
				GCC_PREPROCESSOR_DEFINITIONS = (
					"DEBUG=1",
					"$(inherited)",
				);
				GCC_WARN_64_TO_32_BIT_CONVERSION = YES;
				GCC_WARN_ABOUT_RETURN_TYPE = YES_ERROR;
				GCC_WARN_UNDECLARED_SELECTOR = YES;
				GCC_WARN_UNINITIALIZED_AUTOS = YES_AGGRESSIVE;
				GCC_WARN_UNUSED_FUNCTION = YES;
				GCC_WARN_UNUSED_VARIABLE = YES;
				IPHONEOS_DEPLOYMENT_TARGET = 13.4;
				MTL_ENABLE_DEBUG_INFO = INCLUDE_SOURCE;
				MTL_FAST_MATH = YES;
				ONLY_ACTIVE_ARCH = YES;
				SDKROOT = iphoneos;
				SWIFT_ACTIVE_COMPILATION_CONDITIONS = DEBUG;
				SWIFT_OPTIMIZATION_LEVEL = "-Onone";
			};
			name = Debug;
		};
		154B269E2431BF6800265C76 /* Release */ = {
			isa = XCBuildConfiguration;
			buildSettings = {
				ALWAYS_SEARCH_USER_PATHS = NO;
				CLANG_ANALYZER_NONNULL = YES;
				CLANG_ANALYZER_NUMBER_OBJECT_CONVERSION = YES_AGGRESSIVE;
				CLANG_CXX_LANGUAGE_STANDARD = "gnu++14";
				CLANG_CXX_LIBRARY = "libc++";
				CLANG_ENABLE_MODULES = YES;
				CLANG_ENABLE_OBJC_ARC = YES;
				CLANG_ENABLE_OBJC_WEAK = YES;
				CLANG_WARN_BLOCK_CAPTURE_AUTORELEASING = YES;
				CLANG_WARN_BOOL_CONVERSION = YES;
				CLANG_WARN_COMMA = YES;
				CLANG_WARN_CONSTANT_CONVERSION = YES;
				CLANG_WARN_DEPRECATED_OBJC_IMPLEMENTATIONS = YES;
				CLANG_WARN_DIRECT_OBJC_ISA_USAGE = YES_ERROR;
				CLANG_WARN_DOCUMENTATION_COMMENTS = YES;
				CLANG_WARN_EMPTY_BODY = YES;
				CLANG_WARN_ENUM_CONVERSION = YES;
				CLANG_WARN_INFINITE_RECURSION = YES;
				CLANG_WARN_INT_CONVERSION = YES;
				CLANG_WARN_NON_LITERAL_NULL_CONVERSION = YES;
				CLANG_WARN_OBJC_IMPLICIT_RETAIN_SELF = YES;
				CLANG_WARN_OBJC_LITERAL_CONVERSION = YES;
				CLANG_WARN_OBJC_ROOT_CLASS = YES_ERROR;
				CLANG_WARN_RANGE_LOOP_ANALYSIS = YES;
				CLANG_WARN_STRICT_PROTOTYPES = YES;
				CLANG_WARN_SUSPICIOUS_MOVE = YES;
				CLANG_WARN_UNGUARDED_AVAILABILITY = YES_AGGRESSIVE;
				CLANG_WARN_UNREACHABLE_CODE = YES;
				CLANG_WARN__DUPLICATE_METHOD_MATCH = YES;
				COPY_PHASE_STRIP = NO;
				DEBUG_INFORMATION_FORMAT = "dwarf-with-dsym";
				ENABLE_NS_ASSERTIONS = NO;
				ENABLE_STRICT_OBJC_MSGSEND = YES;
				GCC_C_LANGUAGE_STANDARD = gnu11;
				GCC_NO_COMMON_BLOCKS = YES;
				GCC_WARN_64_TO_32_BIT_CONVERSION = YES;
				GCC_WARN_ABOUT_RETURN_TYPE = YES_ERROR;
				GCC_WARN_UNDECLARED_SELECTOR = YES;
				GCC_WARN_UNINITIALIZED_AUTOS = YES_AGGRESSIVE;
				GCC_WARN_UNUSED_FUNCTION = YES;
				GCC_WARN_UNUSED_VARIABLE = YES;
				IPHONEOS_DEPLOYMENT_TARGET = 13.4;
				MTL_ENABLE_DEBUG_INFO = NO;
				MTL_FAST_MATH = YES;
				SDKROOT = iphoneos;
				SWIFT_COMPILATION_MODE = wholemodule;
				SWIFT_OPTIMIZATION_LEVEL = "-O";
				VALIDATE_PRODUCT = YES;
			};
			name = Release;
		};
		154B26A02431BF6800265C76 /* Debug */ = {
			isa = XCBuildConfiguration;
			baseConfigurationReference = 297656FF9878ADB99ADD59F3 /* Pods-Hush-SwiftUI.debug.xcconfig */;
			buildSettings = {
				ASSETCATALOG_COMPILER_APPICON_NAME = AppIcon;
				CODE_SIGN_STYLE = Automatic;
				CURRENT_PROJECT_VERSION = 7;
				DEVELOPMENT_ASSET_PATHS = "\"Hush-SwiftUI/Resources/Preview Content\"";
				DEVELOPMENT_TEAM = NL53BFH4CA;
				ENABLE_PREVIEWS = YES;
				FRAMEWORK_SEARCH_PATHS = (
					"$(inherited)",
					"$(PROJECT_DIR)/Vendors",
				);
				INFOPLIST_FILE = "Hush-SwiftUI/Resources/Info.plist";
				IPHONEOS_DEPLOYMENT_TARGET = 13.0;
				LD_RUNPATH_SEARCH_PATHS = (
					"$(inherited)",
					"@executable_path/Frameworks",
				);
				PRODUCT_BUNDLE_IDENTIFIER = "com.AppServices.Hush-SwiftUI.dev";
				PRODUCT_NAME = "$(TARGET_NAME)";
				SWIFT_VERSION = 5.0;
				TARGETED_DEVICE_FAMILY = 1;
			};
			name = Debug;
		};
		154B26A12431BF6800265C76 /* Release */ = {
			isa = XCBuildConfiguration;
			baseConfigurationReference = 5C6EE0D6D16A7A7BBEE2D07B /* Pods-Hush-SwiftUI.release.xcconfig */;
			buildSettings = {
				ASSETCATALOG_COMPILER_APPICON_NAME = AppIcon;
				CODE_SIGN_STYLE = Automatic;
				CURRENT_PROJECT_VERSION = 7;
				DEVELOPMENT_ASSET_PATHS = "\"Hush-SwiftUI/Resources/Preview Content\"";
				DEVELOPMENT_TEAM = NL53BFH4CA;
				ENABLE_PREVIEWS = YES;
				FRAMEWORK_SEARCH_PATHS = (
					"$(inherited)",
					"$(PROJECT_DIR)/Vendors",
				);
				INFOPLIST_FILE = "Hush-SwiftUI/Resources/Info.plist";
				IPHONEOS_DEPLOYMENT_TARGET = 13.0;
				LD_RUNPATH_SEARCH_PATHS = (
					"$(inherited)",
					"@executable_path/Frameworks",
				);
				PRODUCT_BUNDLE_IDENTIFIER = "com.AppServices.Hush-SwiftUI.dev";
				PRODUCT_NAME = "$(TARGET_NAME)";
				SWIFT_VERSION = 5.0;
				TARGETED_DEVICE_FAMILY = 1;
			};
			name = Release;
		};
/* End XCBuildConfiguration section */

/* Begin XCConfigurationList section */
		154B26862431BF6600265C76 /* Build configuration list for PBXProject "Hush-SwiftUI" */ = {
			isa = XCConfigurationList;
			buildConfigurations = (
				154B269D2431BF6800265C76 /* Debug */,
				154B269E2431BF6800265C76 /* Release */,
			);
			defaultConfigurationIsVisible = 0;
			defaultConfigurationName = Release;
		};
		154B269F2431BF6800265C76 /* Build configuration list for PBXNativeTarget "Hush-SwiftUI" */ = {
			isa = XCConfigurationList;
			buildConfigurations = (
				154B26A02431BF6800265C76 /* Debug */,
				154B26A12431BF6800265C76 /* Release */,
			);
			defaultConfigurationIsVisible = 0;
			defaultConfigurationName = Release;
		};
/* End XCConfigurationList section */

/* Begin XCRemoteSwiftPackageReference section */
		1579309D2435CAFC00EE428F /* XCRemoteSwiftPackageReference "QGrid" */ = {
			isa = XCRemoteSwiftPackageReference;
			repositoryURL = "https://github.com/Q-Mobile/QGrid.git";
			requirement = {
				kind = upToNextMajorVersion;
				minimumVersion = 0.1.4;
			};
		};
		157930B02435EC3400EE428F /* XCRemoteSwiftPackageReference "PartialSheet" */ = {
			isa = XCRemoteSwiftPackageReference;
			repositoryURL = "https://github.com/damienissa/PartialSheet.git";
			requirement = {
				branch = master;
				kind = branch;
			};
		};
/* End XCRemoteSwiftPackageReference section */

/* Begin XCSwiftPackageProductDependency section */
		1579309E2435CAFC00EE428F /* QGrid */ = {
			isa = XCSwiftPackageProductDependency;
			package = 1579309D2435CAFC00EE428F /* XCRemoteSwiftPackageReference "QGrid" */;
			productName = QGrid;
		};
		157930B12435EC3400EE428F /* PartialSheet */ = {
			isa = XCSwiftPackageProductDependency;
			package = 157930B02435EC3400EE428F /* XCRemoteSwiftPackageReference "PartialSheet" */;
			productName = PartialSheet;
		};
/* End XCSwiftPackageProductDependency section */
	};
	rootObject = 154B26832431BF6600265C76 /* Project object */;
}
